
Microsoft Visual Studio Solution File, Format Version 12.00
# Visual Studio Version 16
VisualStudioVersion = 16.0.30717.126
MinimumVisualStudioVersion = 10.0.40219.1
Project("{9A19103F-16F7-4668-BE54-9A1E7A4F7556}") = "WSConsoleClient", "WSConsoleClient\WSConsoleClient.csproj", "{C348463A-1F77-461F-B02B-268C83951F0E}"
EndProject
Project("{9A19103F-16F7-4668-BE54-9A1E7A4F7556}") = "WSConsoleClient.Test", "WSConsoleClient.Test\WSConsoleClient.Test.csproj", "{858B4980-37D6-4782-B4D6-9D59193A59E5}"
EndProject
Project("{FAE04EC0-301F-11D3-BF4B-00C04F79EFBC}") = "WSConsoleClient.ExampleNDryRunner", "WSConsoleClient.ExampleNDryRunner\WSConsoleClient.ExampleNDryRunner.csproj", "{5F8F4D74-0A5D-4DD3-946B-946729E8DAC8}"
EndProject
Global
	GlobalSection(SolutionConfigurationPlatforms) = preSolution
		Debug|Any CPU = Debug|Any CPU
		Release|Any CPU = Release|Any CPU
	EndGlobalSection
	GlobalSection(ProjectConfigurationPlatforms) = postSolution
		{C348463A-1F77-461F-B02B-268C83951F0E}.Debug|Any CPU.ActiveCfg = Debug|Any CPU
		{C348463A-1F77-461F-B02B-268C83951F0E}.Debug|Any CPU.Build.0 = Debug|Any CPU
		{C348463A-1F77-461F-B02B-268C83951F0E}.Release|Any CPU.ActiveCfg = Release|Any CPU
		{C348463A-1F77-461F-B02B-268C83951F0E}.Release|Any CPU.Build.0 = Release|Any CPU
		{858B4980-37D6-4782-B4D6-9D59193A59E5}.Debug|Any CPU.ActiveCfg = Debug|Any CPU
		{858B4980-37D6-4782-B4D6-9D59193A59E5}.Debug|Any CPU.Build.0 = Debug|Any CPU
		{858B4980-37D6-4782-B4D6-9D59193A59E5}.Release|Any CPU.ActiveCfg = Release|Any CPU
		{858B4980-37D6-4782-B4D6-9D59193A59E5}.Release|Any CPU.Build.0 = Release|Any CPU
		{5F8F4D74-0A5D-4DD3-946B-946729E8DAC8}.Debug|Any CPU.ActiveCfg = Debug|Any CPU
		{5F8F4D74-0A5D-4DD3-946B-946729E8DAC8}.Debug|Any CPU.Build.0 = Debug|Any CPU
		{5F8F4D74-0A5D-4DD3-946B-946729E8DAC8}.Release|Any CPU.ActiveCfg = Release|Any CPU
		{5F8F4D74-0A5D-4DD3-946B-946729E8DAC8}.Release|Any CPU.Build.0 = Release|Any CPU
	EndGlobalSection
	GlobalSection(SolutionProperties) = preSolution
		HideSolutionNode = FALSE
	EndGlobalSection
	GlobalSection(ExtensibilityGlobals) = postSolution
		SolutionGuid = {74C8AA88-E2D4-4D20-8A4D-3D466D0C85D1}
	EndGlobalSection
EndGlobal
